// !$*UTF8*$!
{
	archiveVersion = 1;
	classes = {
	};
	objectVersion = 77;
	objects = {

/* Begin PBXBuildFile section */
		921A95442CA9EB1600324442 /* TaskView.swift in Sources */ = {isa = PBXBuildFile; fileRef = 921A95432CA9EB1600324442 /* TaskView.swift */; };
		921A95472CA9ED6000324442 /* HeaderView.swift in Sources */ = {isa = PBXBuildFile; fileRef = 921A95462CA9ED6000324442 /* HeaderView.swift */; };
		921A954C2CA9F97A00324442 /* KeyboardResponder.swift in Sources */ = {isa = PBXBuildFile; fileRef = 921A954B2CA9F97800324442 /* KeyboardResponder.swift */; };
		9225CC452CA873E900725180 /* ComposableArchitecture in Frameworks */ = {isa = PBXBuildFile; productRef = 9225CC442CA873E900725180 /* ComposableArchitecture */; };
		9225CC5A2CA88DA700725180 /* TaskList.swift in Sources */ = {isa = PBXBuildFile; fileRef = 9225CC4D2CA88DA700725180 /* TaskList.swift */; };
		9225CC5B2CA88DA700725180 /* TaskList+Mocks.swift in Sources */ = {isa = PBXBuildFile; fileRef = 9225CC4E2CA88DA700725180 /* TaskList+Mocks.swift */; };
		9225CC5C2CA88DA700725180 /* TaskListView.swift in Sources */ = {isa = PBXBuildFile; fileRef = 9225CC4F2CA88DA700725180 /* TaskListView.swift */; };
		9225CC5D2CA88DA700725180 /* TaskListUseCase.swift in Sources */ = {isa = PBXBuildFile; fileRef = 9225CC542CA88DA700725180 /* TaskListUseCase.swift */; };
		9225CC5E2CA88DA700725180 /* SwiftData_demoApp.swift in Sources */ = {isa = PBXBuildFile; fileRef = 9225CC582CA88DA700725180 /* SwiftData_demoApp.swift */; };
		9225CC5F2CA88DA700725180 /* Preview Assets.xcassets in Resources */ = {isa = PBXBuildFile; fileRef = 9225CC522CA88DA700725180 /* Preview Assets.xcassets */; };
		9225CC602CA88DA700725180 /* Assets.xcassets in Resources */ = {isa = PBXBuildFile; fileRef = 9225CC562CA88DA700725180 /* Assets.xcassets */; };
		9225CC652CA88DE900725180 /* DatabaseManager.swift in Sources */ = {isa = PBXBuildFile; fileRef = 9225CC632CA88DDC00725180 /* DatabaseManager.swift */; };
		9225CC6B2CA8960F00725180 /* TaskModel.swift in Sources */ = {isa = PBXBuildFile; fileRef = 9225CC6A2CA8960C00725180 /* TaskModel.swift */; };
		9257F3182CB439B600C23369 /* NetworkState.swift in Sources */ = {isa = PBXBuildFile; fileRef = 9257F3172CB439AE00C23369 /* NetworkState.swift */; };
		928B0A352CAD9DE000C62F85 /* DatabaseManager+Mocks.swift in Sources */ = {isa = PBXBuildFile; fileRef = 928B0A342CAD9DDA00C62F85 /* DatabaseManager+Mocks.swift */; };
		92B933B12CADF10E00CB0A6B /* SnapshotTesting in Frameworks */ = {isa = PBXBuildFile; productRef = 92B933B02CADF10E00CB0A6B /* SnapshotTesting */; };
/* End PBXBuildFile section */

/* Begin PBXContainerItemProxy section */
		9225CC062CA8718900725180 /* PBXContainerItemProxy */ = {
			isa = PBXContainerItemProxy;
			containerPortal = 9225CBEC2CA8718800725180 /* Project object */;
			proxyType = 1;
			remoteGlobalIDString = 9225CBF32CA8718800725180;
			remoteInfo = "SwiftData demo";
		};
/* End PBXContainerItemProxy section */

/* Begin PBXFileReference section */
		921A95432CA9EB1600324442 /* TaskView.swift */ = {isa = PBXFileReference; lastKnownFileType = sourcecode.swift; path = TaskView.swift; sourceTree = "<group>"; };
		921A95462CA9ED6000324442 /* HeaderView.swift */ = {isa = PBXFileReference; lastKnownFileType = sourcecode.swift; path = HeaderView.swift; sourceTree = "<group>"; };
		921A954B2CA9F97800324442 /* KeyboardResponder.swift */ = {isa = PBXFileReference; lastKnownFileType = sourcecode.swift; path = KeyboardResponder.swift; sourceTree = "<group>"; };
		9225CBF42CA8718800725180 /* SwiftData demo.app */ = {isa = PBXFileReference; explicitFileType = wrapper.application; includeInIndex = 0; path = "SwiftData demo.app"; sourceTree = BUILT_PRODUCTS_DIR; };
		9225CC052CA8718900725180 /* SwiftData demoTests.xctest */ = {isa = PBXFileReference; explicitFileType = wrapper.cfbundle; includeInIndex = 0; path = "SwiftData demoTests.xctest"; sourceTree = BUILT_PRODUCTS_DIR; };
		9225CC4D2CA88DA700725180 /* TaskList.swift */ = {isa = PBXFileReference; lastKnownFileType = sourcecode.swift; path = TaskList.swift; sourceTree = "<group>"; };
		9225CC4E2CA88DA700725180 /* TaskList+Mocks.swift */ = {isa = PBXFileReference; lastKnownFileType = sourcecode.swift; path = "TaskList+Mocks.swift"; sourceTree = "<group>"; };
		9225CC4F2CA88DA700725180 /* TaskListView.swift */ = {isa = PBXFileReference; lastKnownFileType = sourcecode.swift; path = TaskListView.swift; sourceTree = "<group>"; };
		9225CC522CA88DA700725180 /* Preview Assets.xcassets */ = {isa = PBXFileReference; lastKnownFileType = folder.assetcatalog; path = "Preview Assets.xcassets"; sourceTree = "<group>"; };
		9225CC542CA88DA700725180 /* TaskListUseCase.swift */ = {isa = PBXFileReference; lastKnownFileType = sourcecode.swift; path = TaskListUseCase.swift; sourceTree = "<group>"; };
		9225CC562CA88DA700725180 /* Assets.xcassets */ = {isa = PBXFileReference; lastKnownFileType = folder.assetcatalog; path = Assets.xcassets; sourceTree = "<group>"; };
		9225CC572CA88DA700725180 /* SwiftData_demo.entitlements */ = {isa = PBXFileReference; lastKnownFileType = text.plist.entitlements; path = SwiftData_demo.entitlements; sourceTree = "<group>"; };
		9225CC582CA88DA700725180 /* SwiftData_demoApp.swift */ = {isa = PBXFileReference; lastKnownFileType = sourcecode.swift; path = SwiftData_demoApp.swift; sourceTree = "<group>"; };
		9225CC632CA88DDC00725180 /* DatabaseManager.swift */ = {isa = PBXFileReference; lastKnownFileType = sourcecode.swift; path = DatabaseManager.swift; sourceTree = "<group>"; };
		9225CC6A2CA8960C00725180 /* TaskModel.swift */ = {isa = PBXFileReference; lastKnownFileType = sourcecode.swift; path = TaskModel.swift; sourceTree = "<group>"; };
		9257F3172CB439AE00C23369 /* NetworkState.swift */ = {isa = PBXFileReference; lastKnownFileType = sourcecode.swift; path = NetworkState.swift; sourceTree = "<group>"; };
		928B0A342CAD9DDA00C62F85 /* DatabaseManager+Mocks.swift */ = {isa = PBXFileReference; lastKnownFileType = sourcecode.swift; path = "DatabaseManager+Mocks.swift"; sourceTree = "<group>"; };
/* End PBXFileReference section */

/* Begin PBXFileSystemSynchronizedRootGroup section */
		9225CC082CA8718900725180 /* SwiftData demoTests */ = {
			isa = PBXFileSystemSynchronizedRootGroup;
			path = "SwiftData demoTests";
			sourceTree = "<group>";
		};
/* End PBXFileSystemSynchronizedRootGroup section */

/* Begin PBXFrameworksBuildPhase section */
		9225CBF12CA8718800725180 /* Frameworks */ = {
			isa = PBXFrameworksBuildPhase;
			buildActionMask = 2147483647;
			files = (
				9225CC452CA873E900725180 /* ComposableArchitecture in Frameworks */,
			);
			runOnlyForDeploymentPostprocessing = 0;
		};
		9225CC022CA8718900725180 /* Frameworks */ = {
			isa = PBXFrameworksBuildPhase;
			buildActionMask = 2147483647;
			files = (
				92B933B12CADF10E00CB0A6B /* SnapshotTesting in Frameworks */,
			);
			runOnlyForDeploymentPostprocessing = 0;
		};
/* End PBXFrameworksBuildPhase section */

/* Begin PBXGroup section */
		921A95422CA9EAFB00324442 /* Task View */ = {
			isa = PBXGroup;
			children = (
				921A95432CA9EB1600324442 /* TaskView.swift */,
			);
			path = "Task View";
			sourceTree = "<group>";
		};
		921A95452CA9ED5100324442 /* Header View */ = {
			isa = PBXGroup;
			children = (
				921A95462CA9ED6000324442 /* HeaderView.swift */,
			);
			path = "Header View";
			sourceTree = "<group>";
		};
		9225CBEB2CA8718800725180 = {
			isa = PBXGroup;
			children = (
				9225CC592CA88DA700725180 /* SwiftData demo */,
				9225CC082CA8718900725180 /* SwiftData demoTests */,
				9225CC432CA873E900725180 /* Frameworks */,
				9225CBF52CA8718800725180 /* Products */,
			);
			sourceTree = "<group>";
		};
		9225CBF52CA8718800725180 /* Products */ = {
			isa = PBXGroup;
			children = (
				9225CBF42CA8718800725180 /* SwiftData demo.app */,
				9225CC052CA8718900725180 /* SwiftData demoTests.xctest */,
			);
			name = Products;
			sourceTree = "<group>";
		};
		9225CC432CA873E900725180 /* Frameworks */ = {
			isa = PBXGroup;
			children = (
			);
			name = Frameworks;
			sourceTree = "<group>";
		};
		9225CC502CA88DA700725180 /* Task List */ = {
			isa = PBXGroup;
			children = (
				921A95452CA9ED5100324442 /* Header View */,
				921A95422CA9EAFB00324442 /* Task View */,
				9257F3172CB439AE00C23369 /* NetworkState.swift */,
				9225CC4D2CA88DA700725180 /* TaskList.swift */,
				9225CC4E2CA88DA700725180 /* TaskList+Mocks.swift */,
				9225CC4F2CA88DA700725180 /* TaskListView.swift */,
			);
			path = "Task List";
			sourceTree = "<group>";
		};
		9225CC512CA88DA700725180 /* Features */ = {
			isa = PBXGroup;
			children = (
				9225CC502CA88DA700725180 /* Task List */,
			);
			path = Features;
			sourceTree = "<group>";
		};
		9225CC532CA88DA700725180 /* Preview Content */ = {
			isa = PBXGroup;
			children = (
				9225CC522CA88DA700725180 /* Preview Assets.xcassets */,
			);
			path = "Preview Content";
			sourceTree = "<group>";
		};
		9225CC552CA88DA700725180 /* Use Cases */ = {
			isa = PBXGroup;
			children = (
				9225CC542CA88DA700725180 /* TaskListUseCase.swift */,
			);
			path = "Use Cases";
			sourceTree = "<group>";
		};
		9225CC592CA88DA700725180 /* SwiftData demo */ = {
			isa = PBXGroup;
			children = (
				921A954B2CA9F97800324442 /* KeyboardResponder.swift */,
				9225CC662CA88EC200725180 /* Database Manager */,
				9225CC512CA88DA700725180 /* Features */,
				9225CC532CA88DA700725180 /* Preview Content */,
				9225CC552CA88DA700725180 /* Use Cases */,
				9225CC562CA88DA700725180 /* Assets.xcassets */,
				9225CC572CA88DA700725180 /* SwiftData_demo.entitlements */,
				9225CC582CA88DA700725180 /* SwiftData_demoApp.swift */,
			);
			path = "SwiftData demo";
			sourceTree = "<group>";
		};
		9225CC662CA88EC200725180 /* Database Manager */ = {
			isa = PBXGroup;
			children = (
				9225CC692CA895FF00725180 /* Models */,
				9225CC632CA88DDC00725180 /* DatabaseManager.swift */,
				928B0A342CAD9DDA00C62F85 /* DatabaseManager+Mocks.swift */,
			);
			path = "Database Manager";
			sourceTree = "<group>";
		};
		9225CC692CA895FF00725180 /* Models */ = {
			isa = PBXGroup;
			children = (
				9225CC6A2CA8960C00725180 /* TaskModel.swift */,
			);
			path = Models;
			sourceTree = "<group>";
		};
/* End PBXGroup section */

/* Begin PBXNativeTarget section */
		9225CBF32CA8718800725180 /* SwiftData demo */ = {
			isa = PBXNativeTarget;
			buildConfigurationList = 9225CC192CA8718900725180 /* Build configuration list for PBXNativeTarget "SwiftData demo" */;
			buildPhases = (
				9225CBF02CA8718800725180 /* Sources */,
				9225CBF12CA8718800725180 /* Frameworks */,
				9225CBF22CA8718800725180 /* Resources */,
			);
			buildRules = (
			);
			dependencies = (
			);
			name = "SwiftData demo";
			packageProductDependencies = (
				9225CC442CA873E900725180 /* ComposableArchitecture */,
			);
			productName = "SwiftData demo";
			productReference = 9225CBF42CA8718800725180 /* SwiftData demo.app */;
			productType = "com.apple.product-type.application";
		};
		9225CC042CA8718900725180 /* SwiftData demoTests */ = {
			isa = PBXNativeTarget;
			buildConfigurationList = 9225CC1C2CA8718900725180 /* Build configuration list for PBXNativeTarget "SwiftData demoTests" */;
			buildPhases = (
				9225CC012CA8718900725180 /* Sources */,
				9225CC022CA8718900725180 /* Frameworks */,
				9225CC032CA8718900725180 /* Resources */,
			);
			buildRules = (
			);
			dependencies = (
				9225CC072CA8718900725180 /* PBXTargetDependency */,
			);
			fileSystemSynchronizedGroups = (
				9225CC082CA8718900725180 /* SwiftData demoTests */,
			);
			name = "SwiftData demoTests";
			packageProductDependencies = (
				92B933B02CADF10E00CB0A6B /* SnapshotTesting */,
			);
			productName = "SwiftData demoTests";
			productReference = 9225CC052CA8718900725180 /* SwiftData demoTests.xctest */;
			productType = "com.apple.product-type.bundle.unit-test";
		};
/* End PBXNativeTarget section */

/* Begin PBXProject section */
		9225CBEC2CA8718800725180 /* Project object */ = {
			isa = PBXProject;
			attributes = {
				BuildIndependentTargetsInParallel = 1;
				LastSwiftUpdateCheck = 1600;
				LastUpgradeCheck = 1600;
				TargetAttributes = {
					9225CBF32CA8718800725180 = {
						CreatedOnToolsVersion = 16.0;
					};
					9225CC042CA8718900725180 = {
						CreatedOnToolsVersion = 16.0;
						TestTargetID = 9225CBF32CA8718800725180;
					};
				};
			};
			buildConfigurationList = 9225CBEF2CA8718800725180 /* Build configuration list for PBXProject "SwiftData demo" */;
			developmentRegion = en;
			hasScannedForEncodings = 0;
			knownRegions = (
				en,
				Base,
			);
			mainGroup = 9225CBEB2CA8718800725180;
			minimizedProjectReferenceProxies = 1;
			packageReferences = (
				9225CC2C2CA8730800725180 /* XCRemoteSwiftPackageReference "swift-composable-architecture" */,
				92B933AF2CADF0FB00CB0A6B /* XCRemoteSwiftPackageReference "swift-snapshot-testing" */,
			);
			preferredProjectObjectVersion = 77;
			productRefGroup = 9225CBF52CA8718800725180 /* Products */;
			projectDirPath = "";
			projectRoot = "";
			targets = (
				9225CBF32CA8718800725180 /* SwiftData demo */,
				9225CC042CA8718900725180 /* SwiftData demoTests */,
			);
		};
/* End PBXProject section */

/* Begin PBXResourcesBuildPhase section */
		9225CBF22CA8718800725180 /* Resources */ = {
			isa = PBXResourcesBuildPhase;
			buildActionMask = 2147483647;
			files = (
				9225CC5F2CA88DA700725180 /* Preview Assets.xcassets in Resources */,
				9225CC602CA88DA700725180 /* Assets.xcassets in Resources */,
			);
			runOnlyForDeploymentPostprocessing = 0;
		};
		9225CC032CA8718900725180 /* Resources */ = {
			isa = PBXResourcesBuildPhase;
			buildActionMask = 2147483647;
			files = (
			);
			runOnlyForDeploymentPostprocessing = 0;
		};
/* End PBXResourcesBuildPhase section */

/* Begin PBXSourcesBuildPhase section */
		9225CBF02CA8718800725180 /* Sources */ = {
			isa = PBXSourcesBuildPhase;
			buildActionMask = 2147483647;
			files = (
				9257F3182CB439B600C23369 /* NetworkState.swift in Sources */,
				9225CC5A2CA88DA700725180 /* TaskList.swift in Sources */,
				921A95472CA9ED6000324442 /* HeaderView.swift in Sources */,
				921A954C2CA9F97A00324442 /* KeyboardResponder.swift in Sources */,
				9225CC5B2CA88DA700725180 /* TaskList+Mocks.swift in Sources */,
				9225CC652CA88DE900725180 /* DatabaseManager.swift in Sources */,
				9225CC5C2CA88DA700725180 /* TaskListView.swift in Sources */,
				9225CC5D2CA88DA700725180 /* TaskListUseCase.swift in Sources */,
				9225CC6B2CA8960F00725180 /* TaskModel.swift in Sources */,
				9225CC5E2CA88DA700725180 /* SwiftData_demoApp.swift in Sources */,
				928B0A352CAD9DE000C62F85 /* DatabaseManager+Mocks.swift in Sources */,
				921A95442CA9EB1600324442 /* TaskView.swift in Sources */,
			);
			runOnlyForDeploymentPostprocessing = 0;
		};
		9225CC012CA8718900725180 /* Sources */ = {
			isa = PBXSourcesBuildPhase;
			buildActionMask = 2147483647;
			files = (
			);
			runOnlyForDeploymentPostprocessing = 0;
		};
/* End PBXSourcesBuildPhase section */

/* Begin PBXTargetDependency section */
		9225CC072CA8718900725180 /* PBXTargetDependency */ = {
			isa = PBXTargetDependency;
			target = 9225CBF32CA8718800725180 /* SwiftData demo */;
			targetProxy = 9225CC062CA8718900725180 /* PBXContainerItemProxy */;
		};
/* End PBXTargetDependency section */

/* Begin XCBuildConfiguration section */
		9225CC172CA8718900725180 /* Debug */ = {
			isa = XCBuildConfiguration;
			buildSettings = {
				ALWAYS_SEARCH_USER_PATHS = NO;
				ASSETCATALOG_COMPILER_GENERATE_SWIFT_ASSET_SYMBOL_EXTENSIONS = YES;
				CLANG_ANALYZER_NONNULL = YES;
				CLANG_ANALYZER_NUMBER_OBJECT_CONVERSION = YES_AGGRESSIVE;
				CLANG_CXX_LANGUAGE_STANDARD = "gnu++20";
				CLANG_ENABLE_MODULES = YES;
				CLANG_ENABLE_OBJC_ARC = YES;
				CLANG_ENABLE_OBJC_WEAK = YES;
				CLANG_WARN_BLOCK_CAPTURE_AUTORELEASING = YES;
				CLANG_WARN_BOOL_CONVERSION = YES;
				CLANG_WARN_COMMA = YES;
				CLANG_WARN_CONSTANT_CONVERSION = YES;
				CLANG_WARN_DEPRECATED_OBJC_IMPLEMENTATIONS = YES;
				CLANG_WARN_DIRECT_OBJC_ISA_USAGE = YES_ERROR;
				CLANG_WARN_DOCUMENTATION_COMMENTS = YES;
				CLANG_WARN_EMPTY_BODY = YES;
				CLANG_WARN_ENUM_CONVERSION = YES;
				CLANG_WARN_INFINITE_RECURSION = YES;
				CLANG_WARN_INT_CONVERSION = YES;
				CLANG_WARN_NON_LITERAL_NULL_CONVERSION = YES;
				CLANG_WARN_OBJC_IMPLICIT_RETAIN_SELF = YES;
				CLANG_WARN_OBJC_LITERAL_CONVERSION = YES;
				CLANG_WARN_OBJC_ROOT_CLASS = YES_ERROR;
				CLANG_WARN_QUOTED_INCLUDE_IN_FRAMEWORK_HEADER = YES;
				CLANG_WARN_RANGE_LOOP_ANALYSIS = YES;
				CLANG_WARN_STRICT_PROTOTYPES = YES;
				CLANG_WARN_SUSPICIOUS_MOVE = YES;
				CLANG_WARN_UNGUARDED_AVAILABILITY = YES_AGGRESSIVE;
				CLANG_WARN_UNREACHABLE_CODE = YES;
				CLANG_WARN__DUPLICATE_METHOD_MATCH = YES;
				COPY_PHASE_STRIP = NO;
				DEBUG_INFORMATION_FORMAT = dwarf;
				ENABLE_STRICT_OBJC_MSGSEND = YES;
				ENABLE_TESTABILITY = YES;
				ENABLE_USER_SCRIPT_SANDBOXING = YES;
				GCC_C_LANGUAGE_STANDARD = gnu17;
				GCC_DYNAMIC_NO_PIC = NO;
				GCC_NO_COMMON_BLOCKS = YES;
				GCC_OPTIMIZATION_LEVEL = 0;
				GCC_PREPROCESSOR_DEFINITIONS = (
					"DEBUG=1",
					"$(inherited)",
				);
				GCC_WARN_64_TO_32_BIT_CONVERSION = YES;
				GCC_WARN_ABOUT_RETURN_TYPE = YES_ERROR;
				GCC_WARN_UNDECLARED_SELECTOR = YES;
				GCC_WARN_UNINITIALIZED_AUTOS = YES_AGGRESSIVE;
				GCC_WARN_UNUSED_FUNCTION = YES;
				GCC_WARN_UNUSED_VARIABLE = YES;
				LOCALIZATION_PREFERS_STRING_CATALOGS = YES;
				MTL_ENABLE_DEBUG_INFO = INCLUDE_SOURCE;
				MTL_FAST_MATH = YES;
				ONLY_ACTIVE_ARCH = YES;
				SWIFT_ACTIVE_COMPILATION_CONDITIONS = "DEBUG $(inherited)";
				SWIFT_OPTIMIZATION_LEVEL = "-Onone";
			};
			name = Debug;
		};
		9225CC182CA8718900725180 /* Release */ = {
			isa = XCBuildConfiguration;
			buildSettings = {
				ALWAYS_SEARCH_USER_PATHS = NO;
				ASSETCATALOG_COMPILER_GENERATE_SWIFT_ASSET_SYMBOL_EXTENSIONS = YES;
				CLANG_ANALYZER_NONNULL = YES;
				CLANG_ANALYZER_NUMBER_OBJECT_CONVERSION = YES_AGGRESSIVE;
				CLANG_CXX_LANGUAGE_STANDARD = "gnu++20";
				CLANG_ENABLE_MODULES = YES;
				CLANG_ENABLE_OBJC_ARC = YES;
				CLANG_ENABLE_OBJC_WEAK = YES;
				CLANG_WARN_BLOCK_CAPTURE_AUTORELEASING = YES;
				CLANG_WARN_BOOL_CONVERSION = YES;
				CLANG_WARN_COMMA = YES;
				CLANG_WARN_CONSTANT_CONVERSION = YES;
				CLANG_WARN_DEPRECATED_OBJC_IMPLEMENTATIONS = YES;
				CLANG_WARN_DIRECT_OBJC_ISA_USAGE = YES_ERROR;
				CLANG_WARN_DOCUMENTATION_COMMENTS = YES;
				CLANG_WARN_EMPTY_BODY = YES;
				CLANG_WARN_ENUM_CONVERSION = YES;
				CLANG_WARN_INFINITE_RECURSION = YES;
				CLANG_WARN_INT_CONVERSION = YES;
				CLANG_WARN_NON_LITERAL_NULL_CONVERSION = YES;
				CLANG_WARN_OBJC_IMPLICIT_RETAIN_SELF = YES;
				CLANG_WARN_OBJC_LITERAL_CONVERSION = YES;
				CLANG_WARN_OBJC_ROOT_CLASS = YES_ERROR;
				CLANG_WARN_QUOTED_INCLUDE_IN_FRAMEWORK_HEADER = YES;
				CLANG_WARN_RANGE_LOOP_ANALYSIS = YES;
				CLANG_WARN_STRICT_PROTOTYPES = YES;
				CLANG_WARN_SUSPICIOUS_MOVE = YES;
				CLANG_WARN_UNGUARDED_AVAILABILITY = YES_AGGRESSIVE;
				CLANG_WARN_UNREACHABLE_CODE = YES;
				CLANG_WARN__DUPLICATE_METHOD_MATCH = YES;
				COPY_PHASE_STRIP = NO;
				DEBUG_INFORMATION_FORMAT = "dwarf-with-dsym";
				ENABLE_NS_ASSERTIONS = NO;
				ENABLE_STRICT_OBJC_MSGSEND = YES;
				ENABLE_USER_SCRIPT_SANDBOXING = YES;
				GCC_C_LANGUAGE_STANDARD = gnu17;
				GCC_NO_COMMON_BLOCKS = YES;
				GCC_WARN_64_TO_32_BIT_CONVERSION = YES;
				GCC_WARN_ABOUT_RETURN_TYPE = YES_ERROR;
				GCC_WARN_UNDECLARED_SELECTOR = YES;
				GCC_WARN_UNINITIALIZED_AUTOS = YES_AGGRESSIVE;
				GCC_WARN_UNUSED_FUNCTION = YES;
				GCC_WARN_UNUSED_VARIABLE = YES;
				LOCALIZATION_PREFERS_STRING_CATALOGS = YES;
				MTL_ENABLE_DEBUG_INFO = NO;
				MTL_FAST_MATH = YES;
				SWIFT_COMPILATION_MODE = wholemodule;
			};
			name = Release;
		};
		9225CC1A2CA8718900725180 /* Debug */ = {
			isa = XCBuildConfiguration;
			buildSettings = {
				ASSETCATALOG_COMPILER_APPICON_NAME = AppIcon;
				ASSETCATALOG_COMPILER_GLOBAL_ACCENT_COLOR_NAME = AccentColor;
				CODE_SIGN_ENTITLEMENTS = "SwiftData demo/SwiftData_demo.entitlements";
				CODE_SIGN_STYLE = Automatic;
				CURRENT_PROJECT_VERSION = 1;
				DEVELOPMENT_ASSET_PATHS = "\"SwiftData demo/Preview Content\"";
				DEVELOPMENT_TEAM = D9DND379G3;
				ENABLE_HARDENED_RUNTIME = YES;
				ENABLE_PREVIEWS = YES;
				GENERATE_INFOPLIST_FILE = YES;
				"INFOPLIST_KEY_UIApplicationSceneManifest_Generation[sdk=iphoneos*]" = YES;
				"INFOPLIST_KEY_UIApplicationSceneManifest_Generation[sdk=iphonesimulator*]" = YES;
				"INFOPLIST_KEY_UIApplicationSupportsIndirectInputEvents[sdk=iphoneos*]" = YES;
				"INFOPLIST_KEY_UIApplicationSupportsIndirectInputEvents[sdk=iphonesimulator*]" = YES;
				"INFOPLIST_KEY_UILaunchScreen_Generation[sdk=iphoneos*]" = YES;
				"INFOPLIST_KEY_UILaunchScreen_Generation[sdk=iphonesimulator*]" = YES;
				"INFOPLIST_KEY_UIStatusBarStyle[sdk=iphoneos*]" = UIStatusBarStyleDefault;
				"INFOPLIST_KEY_UIStatusBarStyle[sdk=iphonesimulator*]" = UIStatusBarStyleDefault;
				INFOPLIST_KEY_UISupportedInterfaceOrientations_iPad = "UIInterfaceOrientationPortrait UIInterfaceOrientationPortraitUpsideDown UIInterfaceOrientationLandscapeLeft UIInterfaceOrientationLandscapeRight";
				INFOPLIST_KEY_UISupportedInterfaceOrientations_iPhone = "UIInterfaceOrientationPortrait UIInterfaceOrientationLandscapeLeft UIInterfaceOrientationLandscapeRight";
				IPHONEOS_DEPLOYMENT_TARGET = 18.0;
				LD_RUNPATH_SEARCH_PATHS = "@executable_path/Frameworks";
				"LD_RUNPATH_SEARCH_PATHS[sdk=macosx*]" = "@executable_path/../Frameworks";
				MACOSX_DEPLOYMENT_TARGET = 15.0;
				MARKETING_VERSION = 1.0;
				PRODUCT_BUNDLE_IDENTIFIER = "co.pijp.SwiftData-demo";
				PRODUCT_NAME = "$(TARGET_NAME)";
				SDKROOT = auto;
				SUPPORTED_PLATFORMS = "iphoneos iphonesimulator macosx xros xrsimulator";
				SWIFT_EMIT_LOC_STRINGS = YES;
				SWIFT_VERSION = 5.0;
				TARGETED_DEVICE_FAMILY = "1,2,7";
				XROS_DEPLOYMENT_TARGET = 2.0;
			};
			name = Debug;
		};
		9225CC1B2CA8718900725180 /* Release */ = {
			isa = XCBuildConfiguration;
			buildSettings = {
				ASSETCATALOG_COMPILER_APPICON_NAME = AppIcon;
				ASSETCATALOG_COMPILER_GLOBAL_ACCENT_COLOR_NAME = AccentColor;
				CODE_SIGN_ENTITLEMENTS = "SwiftData demo/SwiftData_demo.entitlements";
				CODE_SIGN_STYLE = Automatic;
				CURRENT_PROJECT_VERSION = 1;
				DEVELOPMENT_ASSET_PATHS = "\"SwiftData demo/Preview Content\"";
				DEVELOPMENT_TEAM = D9DND379G3;
				ENABLE_HARDENED_RUNTIME = YES;
				ENABLE_PREVIEWS = YES;
				GENERATE_INFOPLIST_FILE = YES;
				"INFOPLIST_KEY_UIApplicationSceneManifest_Generation[sdk=iphoneos*]" = YES;
				"INFOPLIST_KEY_UIApplicationSceneManifest_Generation[sdk=iphonesimulator*]" = YES;
				"INFOPLIST_KEY_UIApplicationSupportsIndirectInputEvents[sdk=iphoneos*]" = YES;
				"INFOPLIST_KEY_UIApplicationSupportsIndirectInputEvents[sdk=iphonesimulator*]" = YES;
				"INFOPLIST_KEY_UILaunchScreen_Generation[sdk=iphoneos*]" = YES;
				"INFOPLIST_KEY_UILaunchScreen_Generation[sdk=iphonesimulator*]" = YES;
				"INFOPLIST_KEY_UIStatusBarStyle[sdk=iphoneos*]" = UIStatusBarStyleDefault;
				"INFOPLIST_KEY_UIStatusBarStyle[sdk=iphonesimulator*]" = UIStatusBarStyleDefault;
				INFOPLIST_KEY_UISupportedInterfaceOrientations_iPad = "UIInterfaceOrientationPortrait UIInterfaceOrientationPortraitUpsideDown UIInterfaceOrientationLandscapeLeft UIInterfaceOrientationLandscapeRight";
				INFOPLIST_KEY_UISupportedInterfaceOrientations_iPhone = "UIInterfaceOrientationPortrait UIInterfaceOrientationLandscapeLeft UIInterfaceOrientationLandscapeRight";
				IPHONEOS_DEPLOYMENT_TARGET = 18.0;
				LD_RUNPATH_SEARCH_PATHS = "@executable_path/Frameworks";
				"LD_RUNPATH_SEARCH_PATHS[sdk=macosx*]" = "@executable_path/../Frameworks";
				MACOSX_DEPLOYMENT_TARGET = 15.0;
				MARKETING_VERSION = 1.0;
				PRODUCT_BUNDLE_IDENTIFIER = "co.pijp.SwiftData-demo";
				PRODUCT_NAME = "$(TARGET_NAME)";
				SDKROOT = auto;
				SUPPORTED_PLATFORMS = "iphoneos iphonesimulator macosx xros xrsimulator";
				SWIFT_EMIT_LOC_STRINGS = YES;
				SWIFT_VERSION = 5.0;
				TARGETED_DEVICE_FAMILY = "1,2,7";
				XROS_DEPLOYMENT_TARGET = 2.0;
			};
			name = Release;
		};
		9225CC1D2CA8718900725180 /* Debug */ = {
			isa = XCBuildConfiguration;
			buildSettings = {
				BUNDLE_LOADER = "$(TEST_HOST)";
				CODE_SIGN_STYLE = Automatic;
				CURRENT_PROJECT_VERSION = 1;
				DEVELOPMENT_TEAM = D9DND379G3;
				GENERATE_INFOPLIST_FILE = YES;
				IPHONEOS_DEPLOYMENT_TARGET = 18.0;
				MACOSX_DEPLOYMENT_TARGET = 15.0;
				MARKETING_VERSION = 1.0;
				PRODUCT_BUNDLE_IDENTIFIER = "co.pijp.SwiftData-demoTests";
				PRODUCT_NAME = "$(TARGET_NAME)";
				SDKROOT = auto;
				SUPPORTED_PLATFORMS = "iphoneos iphonesimulator macosx xros xrsimulator";
				SWIFT_EMIT_LOC_STRINGS = NO;
				SWIFT_VERSION = 5.0;
				TARGETED_DEVICE_FAMILY = "1,2,7";
				TEST_HOST = "$(BUILT_PRODUCTS_DIR)/SwiftData demo.app/$(BUNDLE_EXECUTABLE_FOLDER_PATH)/SwiftData demo";
				XROS_DEPLOYMENT_TARGET = 2.0;
			};
			name = Debug;
		};
		9225CC1E2CA8718900725180 /* Release */ = {
			isa = XCBuildConfiguration;
			buildSettings = {
				BUNDLE_LOADER = "$(TEST_HOST)";
				CODE_SIGN_STYLE = Automatic;
				CURRENT_PROJECT_VERSION = 1;
				DEVELOPMENT_TEAM = D9DND379G3;
				GENERATE_INFOPLIST_FILE = YES;
				IPHONEOS_DEPLOYMENT_TARGET = 18.0;
				MACOSX_DEPLOYMENT_TARGET = 15.0;
				MARKETING_VERSION = 1.0;
				PRODUCT_BUNDLE_IDENTIFIER = "co.pijp.SwiftData-demoTests";
				PRODUCT_NAME = "$(TARGET_NAME)";
				SDKROOT = auto;
				SUPPORTED_PLATFORMS = "iphoneos iphonesimulator macosx xros xrsimulator";
				SWIFT_EMIT_LOC_STRINGS = NO;
				SWIFT_VERSION = 5.0;
				TARGETED_DEVICE_FAMILY = "1,2,7";
				TEST_HOST = "$(BUILT_PRODUCTS_DIR)/SwiftData demo.app/$(BUNDLE_EXECUTABLE_FOLDER_PATH)/SwiftData demo";
				XROS_DEPLOYMENT_TARGET = 2.0;
			};
			name = Release;
		};
/* End XCBuildConfiguration section */

/* Begin XCConfigurationList section */
		9225CBEF2CA8718800725180 /* Build configuration list for PBXProject "SwiftData demo" */ = {
			isa = XCConfigurationList;
			buildConfigurations = (
				9225CC172CA8718900725180 /* Debug */,
				9225CC182CA8718900725180 /* Release */,
			);
			defaultConfigurationIsVisible = 0;
			defaultConfigurationName = Release;
		};
		9225CC192CA8718900725180 /* Build configuration list for PBXNativeTarget "SwiftData demo" */ = {
			isa = XCConfigurationList;
			buildConfigurations = (
				9225CC1A2CA8718900725180 /* Debug */,
				9225CC1B2CA8718900725180 /* Release */,
			);
			defaultConfigurationIsVisible = 0;
			defaultConfigurationName = Release;
		};
		9225CC1C2CA8718900725180 /* Build configuration list for PBXNativeTarget "SwiftData demoTests" */ = {
			isa = XCConfigurationList;
			buildConfigurations = (
				9225CC1D2CA8718900725180 /* Debug */,
				9225CC1E2CA8718900725180 /* Release */,
			);
			defaultConfigurationIsVisible = 0;
			defaultConfigurationName = Release;
		};
/* End XCConfigurationList section */

/* Begin XCRemoteSwiftPackageReference section */
		9225CC2C2CA8730800725180 /* XCRemoteSwiftPackageReference "swift-composable-architecture" */ = {
			isa = XCRemoteSwiftPackageReference;
			repositoryURL = "https://github.com/pointfreeco/swift-composable-architecture";
			requirement = {
				kind = upToNextMajorVersion;
				minimumVersion = 1.15.0;
			};
		};
		92B933AF2CADF0FB00CB0A6B /* XCRemoteSwiftPackageReference "swift-snapshot-testing" */ = {
			isa = XCRemoteSwiftPackageReference;
			repositoryURL = "https://github.com/pointfreeco/swift-snapshot-testing";
			requirement = {
				kind = upToNextMajorVersion;
				minimumVersion = 1.17.5;
			};
		};
/* End XCRemoteSwiftPackageReference section */

/* Begin XCSwiftPackageProductDependency section */
		9225CC442CA873E900725180 /* ComposableArchitecture */ = {
			isa = XCSwiftPackageProductDependency;
			package = 9225CC2C2CA8730800725180 /* XCRemoteSwiftPackageReference "swift-composable-architecture" */;
			productName = ComposableArchitecture;
		};
		92B933B02CADF10E00CB0A6B /* SnapshotTesting */ = {
			isa = XCSwiftPackageProductDependency;
			package = 92B933AF2CADF0FB00CB0A6B /* XCRemoteSwiftPackageReference "swift-snapshot-testing" */;
			productName = SnapshotTesting;
		};
/* End XCSwiftPackageProductDependency section */
	};
	rootObject = 9225CBEC2CA8718800725180 /* Project object */;
}
